
Microsoft Visual Studio Solution File, Format Version 12.00
# Visual Studio 15
VisualStudioVersion = 15.0.27703.2026
MinimumVisualStudioVersion = 10.0.40219.1
Project("{FAE04EC0-301F-11D3-BF4B-00C04F79EFBC}") = "Match.Football", "Match.Football\Match.Football.csproj", "{C6D6D639-32FA-464F-8912-31F9D13D39E4}"
EndProject
Project("{FAE04EC0-301F-11D3-BF4B-00C04F79EFBC}") = "SignalR_Hub", "SignalR_Hub\SignalR_Hub.csproj", "{44CA5C94-D4FD-4BF5-BEFA-AE8FBCD42559}"
EndProject
Global
	GlobalSection(SolutionConfigurationPlatforms) = preSolution
		Debug|Any CPU = Debug|Any CPU
		Release|Any CPU = Release|Any CPU
	EndGlobalSection
	GlobalSection(ProjectConfigurationPlatforms) = postSolution
		{C6D6D639-32FA-464F-8912-31F9D13D39E4}.Debug|Any CPU.ActiveCfg = Debug|Any CPU
		{C6D6D639-32FA-464F-8912-31F9D13D39E4}.Debug|Any CPU.Build.0 = Debug|Any CPU
		{C6D6D639-32FA-464F-8912-31F9D13D39E4}.Release|Any CPU.ActiveCfg = Release|Any CPU
		{C6D6D639-32FA-464F-8912-31F9D13D39E4}.Release|Any CPU.Build.0 = Release|Any CPU
		{44CA5C94-D4FD-4BF5-BEFA-AE8FBCD42559}.Debug|Any CPU.ActiveCfg = Debug|Any CPU
		{44CA5C94-D4FD-4BF5-BEFA-AE8FBCD42559}.Debug|Any CPU.Build.0 = Debug|Any CPU
		{44CA5C94-D4FD-4BF5-BEFA-AE8FBCD42559}.Release|Any CPU.ActiveCfg = Release|Any CPU
		{44CA5C94-D4FD-4BF5-BEFA-AE8FBCD42559}.Release|Any CPU.Build.0 = Release|Any CPU
	EndGlobalSection
	GlobalSection(SolutionProperties) = preSolution
		HideSolutionNode = FALSE
	EndGlobalSection
	GlobalSection(ExtensibilityGlobals) = postSolution
		SolutionGuid = {88404FC4-75F0-4981-BA4E-452912F2D3EA}
	EndGlobalSection
EndGlobal
